// !$*UTF8*$!
{
	archiveVersion = 1;
	classes = {
	};
	objectVersion = 46;
	objects = {

/* Begin PBXBuildFile section */
		F01375E01A4CA3A500C683A8 /* Images.xcassets in Resources */ = {isa = PBXBuildFile; fileRef = F01375D31A4CA3A500C683A8 /* Images.xcassets */; };
		F01375E11A4CA3A500C683A8 /* Images.xcassets in Resources */ = {isa = PBXBuildFile; fileRef = F01375D31A4CA3A500C683A8 /* Images.xcassets */; };
		F01375E41A4CA3A500C683A8 /* AppDelegate.swift in Sources */ = {isa = PBXBuildFile; fileRef = F01375D71A4CA3A500C683A8 /* AppDelegate.swift */; };
		F01375E51A4CA3A500C683A8 /* AppDelegate.swift in Sources */ = {isa = PBXBuildFile; fileRef = F01375D71A4CA3A500C683A8 /* AppDelegate.swift */; };
		F01375E61A4CA3A500C683A8 /* LaunchScreen.xib in Resources */ = {isa = PBXBuildFile; fileRef = F01375D81A4CA3A500C683A8 /* LaunchScreen.xib */; };
		F01375E71A4CA3A500C683A8 /* LaunchScreen.xib in Resources */ = {isa = PBXBuildFile; fileRef = F01375D81A4CA3A500C683A8 /* LaunchScreen.xib */; };
		F01375E81A4CA3A500C683A8 /* Main.storyboard in Resources */ = {isa = PBXBuildFile; fileRef = F01375D91A4CA3A500C683A8 /* Main.storyboard */; };
		F01375E91A4CA3A500C683A8 /* Main.storyboard in Resources */ = {isa = PBXBuildFile; fileRef = F01375D91A4CA3A500C683A8 /* Main.storyboard */; };
		F01375EF1A4CA3A500C683A8 /* SportTimeTests.swift in Sources */ = {isa = PBXBuildFile; fileRef = F01375DF1A4CA3A500C683A8 /* SportTimeTests.swift */; };
		F01375F61A50F25D00C683A8 /* BaseScreen.swift in Sources */ = {isa = PBXBuildFile; fileRef = F01375F51A50F25D00C683A8 /* BaseScreen.swift */; };
		F01375F71A50F25D00C683A8 /* BaseScreen.swift in Sources */ = {isa = PBXBuildFile; fileRef = F01375F51A50F25D00C683A8 /* BaseScreen.swift */; };
		F01375F91A50F2A300C683A8 /* NewStepScreen.swift in Sources */ = {isa = PBXBuildFile; fileRef = F01375F81A50F2A300C683A8 /* NewStepScreen.swift */; };
		F01375FA1A50F2A300C683A8 /* NewStepScreen.swift in Sources */ = {isa = PBXBuildFile; fileRef = F01375F81A50F2A300C683A8 /* NewStepScreen.swift */; };
		F01375FC1A50F2B600C683A8 /* WorkoutDetailsScreen.swift in Sources */ = {isa = PBXBuildFile; fileRef = F01375FB1A50F2B600C683A8 /* WorkoutDetailsScreen.swift */; };
		F01375FD1A50F2B600C683A8 /* WorkoutDetailsScreen.swift in Sources */ = {isa = PBXBuildFile; fileRef = F01375FB1A50F2B600C683A8 /* WorkoutDetailsScreen.swift */; };
		F01375FF1A50F2C600C683A8 /* WorkoutsScreen.swift in Sources */ = {isa = PBXBuildFile; fileRef = F01375FE1A50F2C600C683A8 /* WorkoutsScreen.swift */; };
		F01376001A50F2C600C683A8 /* WorkoutsScreen.swift in Sources */ = {isa = PBXBuildFile; fileRef = F01375FE1A50F2C600C683A8 /* WorkoutsScreen.swift */; };
/* End PBXBuildFile section */

/* Begin PBXContainerItemProxy section */
		F01375C31A4CA18E00C683A8 /* PBXContainerItemProxy */ = {
			isa = PBXContainerItemProxy;
			containerPortal = F01375A51A4CA18E00C683A8 /* Project object */;
			proxyType = 1;
			remoteGlobalIDString = F01375AC1A4CA18E00C683A8;
			remoteInfo = SportTime;
		};
/* End PBXContainerItemProxy section */

/* Begin PBXFileReference section */
		F01375AD1A4CA18E00C683A8 /* SportTime.app */ = {isa = PBXFileReference; explicitFileType = wrapper.application; includeInIndex = 0; path = SportTime.app; sourceTree = BUILT_PRODUCTS_DIR; };
		F01375C21A4CA18E00C683A8 /* SportTimeTests.xctest */ = {isa = PBXFileReference; explicitFileType = wrapper.cfbundle; includeInIndex = 0; path = SportTimeTests.xctest; sourceTree = BUILT_PRODUCTS_DIR; };
		F01375D31A4CA3A500C683A8 /* Images.xcassets */ = {isa = PBXFileReference; lastKnownFileType = folder.assetcatalog; path = Images.xcassets; sourceTree = "<group>"; };
		F01375D41A4CA3A500C683A8 /* Info.plist */ = {isa = PBXFileReference; fileEncoding = 4; lastKnownFileType = text.plist.xml; path = Info.plist; sourceTree = "<group>"; };
		F01375D71A4CA3A500C683A8 /* AppDelegate.swift */ = {isa = PBXFileReference; fileEncoding = 4; lastKnownFileType = sourcecode.swift; path = AppDelegate.swift; sourceTree = "<group>"; };
		F01375D81A4CA3A500C683A8 /* LaunchScreen.xib */ = {isa = PBXFileReference; fileEncoding = 4; lastKnownFileType = file.xib; path = LaunchScreen.xib; sourceTree = "<group>"; };
		F01375D91A4CA3A500C683A8 /* Main.storyboard */ = {isa = PBXFileReference; fileEncoding = 4; lastKnownFileType = file.storyboard; path = Main.storyboard; sourceTree = "<group>"; };
		F01375DE1A4CA3A500C683A8 /* Info.plist */ = {isa = PBXFileReference; fileEncoding = 4; lastKnownFileType = text.plist.xml; path = Info.plist; sourceTree = "<group>"; };
		F01375DF1A4CA3A500C683A8 /* SportTimeTests.swift */ = {isa = PBXFileReference; fileEncoding = 4; lastKnownFileType = sourcecode.swift; path = SportTimeTests.swift; sourceTree = "<group>"; };
		F01375F51A50F25D00C683A8 /* BaseScreen.swift */ = {isa = PBXFileReference; fileEncoding = 4; lastKnownFileType = sourcecode.swift; path = BaseScreen.swift; sourceTree = "<group>"; };
		F01375F81A50F2A300C683A8 /* NewStepScreen.swift */ = {isa = PBXFileReference; fileEncoding = 4; lastKnownFileType = sourcecode.swift; path = NewStepScreen.swift; sourceTree = "<group>"; };
		F01375FB1A50F2B600C683A8 /* WorkoutDetailsScreen.swift */ = {isa = PBXFileReference; fileEncoding = 4; lastKnownFileType = sourcecode.swift; path = WorkoutDetailsScreen.swift; sourceTree = "<group>"; };
		F01375FE1A50F2C600C683A8 /* WorkoutsScreen.swift */ = {isa = PBXFileReference; fileEncoding = 4; lastKnownFileType = sourcecode.swift; path = WorkoutsScreen.swift; sourceTree = "<group>"; };
/* End PBXFileReference section */

/* Begin PBXFrameworksBuildPhase section */
		F01375AA1A4CA18E00C683A8 /* Frameworks */ = {
			isa = PBXFrameworksBuildPhase;
			buildActionMask = 2147483647;
			files = (
			);
			runOnlyForDeploymentPostprocessing = 0;
		};
		F01375BF1A4CA18E00C683A8 /* Frameworks */ = {
			isa = PBXFrameworksBuildPhase;
			buildActionMask = 2147483647;
			files = (
			);
			runOnlyForDeploymentPostprocessing = 0;
		};
/* End PBXFrameworksBuildPhase section */

/* Begin PBXGroup section */
		F01375A41A4CA18E00C683A8 = {
			isa = PBXGroup;
			children = (
				F01375D21A4CA3A500C683A8 /* res */,
				F01375D51A4CA3A500C683A8 /* src */,
				F01375DD1A4CA3A500C683A8 /* test */,
				F01375AE1A4CA18E00C683A8 /* Products */,
			);
			sourceTree = "<group>";
		};
		F01375AE1A4CA18E00C683A8 /* Products */ = {
			isa = PBXGroup;
			children = (
				F01375AD1A4CA18E00C683A8 /* SportTime.app */,
				F01375C21A4CA18E00C683A8 /* SportTimeTests.xctest */,
			);
			name = Products;
			sourceTree = "<group>";
		};
		F01375D21A4CA3A500C683A8 /* res */ = {
			isa = PBXGroup;
			children = (
				F01375D31A4CA3A500C683A8 /* Images.xcassets */,
				F01375D41A4CA3A500C683A8 /* Info.plist */,
			);
			path = res;
			sourceTree = "<group>";
		};
		F01375D51A4CA3A500C683A8 /* src */ = {
			isa = PBXGroup;
			children = (
				F01375D61A4CA3A500C683A8 /* main */,
				F01375DA1A4CA3A500C683A8 /* managers */,
				F01375DB1A4CA3A500C683A8 /* ui */,
			);
			path = src;
			sourceTree = "<group>";
		};
		F01375D61A4CA3A500C683A8 /* main */ = {
			isa = PBXGroup;
			children = (
				F01375D71A4CA3A500C683A8 /* AppDelegate.swift */,
				F01375D81A4CA3A500C683A8 /* LaunchScreen.xib */,
				F01375D91A4CA3A500C683A8 /* Main.storyboard */,
			);
			path = main;
			sourceTree = "<group>";
		};
		F01375DA1A4CA3A500C683A8 /* managers */ = {
			isa = PBXGroup;
			children = (
			);
			path = managers;
			sourceTree = "<group>";
		};
		F01375DB1A4CA3A500C683A8 /* ui */ = {
			isa = PBXGroup;
			children = (
				F01375F01A50F16B00C683A8 /* screen */,
			);
			path = ui;
			sourceTree = "<group>";
		};
		F01375DD1A4CA3A500C683A8 /* test */ = {
			isa = PBXGroup;
			children = (
				F01375DE1A4CA3A500C683A8 /* Info.plist */,
				F01375DF1A4CA3A500C683A8 /* SportTimeTests.swift */,
			);
			path = test;
			sourceTree = "<group>";
		};
		F01375F01A50F16B00C683A8 /* screen */ = {
			isa = PBXGroup;
			children = (
				F01375F41A50F19E00C683A8 /* BaseScreen */,
				F01375F11A50F16B00C683A8 /* NewStepScreen */,
				F01375F21A50F16B00C683A8 /* WorkoutDetailsScreen */,
				F01375F31A50F16B00C683A8 /* WorkoutsScreen */,
			);
			path = screen;
			sourceTree = "<group>";
		};
		F01375F11A50F16B00C683A8 /* NewStepScreen */ = {
			isa = PBXGroup;
			children = (
				F01375F81A50F2A300C683A8 /* NewStepScreen.swift */,
			);
			path = NewStepScreen;
			sourceTree = "<group>";
		};
		F01375F21A50F16B00C683A8 /* WorkoutDetailsScreen */ = {
			isa = PBXGroup;
			children = (
				F01375FB1A50F2B600C683A8 /* WorkoutDetailsScreen.swift */,
			);
			path = WorkoutDetailsScreen;
			sourceTree = "<group>";
		};
		F01375F31A50F16B00C683A8 /* WorkoutsScreen */ = {
			isa = PBXGroup;
			children = (
				F01375FE1A50F2C600C683A8 /* WorkoutsScreen.swift */,
			);
			path = WorkoutsScreen;
			sourceTree = "<group>";
		};
		F01375F41A50F19E00C683A8 /* BaseScreen */ = {
			isa = PBXGroup;
			children = (
				F01375F51A50F25D00C683A8 /* BaseScreen.swift */,
			);
			path = BaseScreen;
			sourceTree = "<group>";
		};
/* End PBXGroup section */

/* Begin PBXNativeTarget section */
		F01375AC1A4CA18E00C683A8 /* SportTime */ = {
			isa = PBXNativeTarget;
			buildConfigurationList = F01375CC1A4CA18E00C683A8 /* Build configuration list for PBXNativeTarget "SportTime" */;
			buildPhases = (
				F01375A91A4CA18E00C683A8 /* Sources */,
				F01375AA1A4CA18E00C683A8 /* Frameworks */,
				F01375AB1A4CA18E00C683A8 /* Resources */,
			);
			buildRules = (
			);
			dependencies = (
			);
			name = SportTime;
			productName = SportTime;
			productReference = F01375AD1A4CA18E00C683A8 /* SportTime.app */;
			productType = "com.apple.product-type.application";
		};
		F01375C11A4CA18E00C683A8 /* SportTimeTests */ = {
			isa = PBXNativeTarget;
			buildConfigurationList = F01375CF1A4CA18E00C683A8 /* Build configuration list for PBXNativeTarget "SportTimeTests" */;
			buildPhases = (
				F01375BE1A4CA18E00C683A8 /* Sources */,
				F01375BF1A4CA18E00C683A8 /* Frameworks */,
				F01375C01A4CA18E00C683A8 /* Resources */,
			);
			buildRules = (
			);
			dependencies = (
				F01375C41A4CA18E00C683A8 /* PBXTargetDependency */,
			);
			name = SportTimeTests;
			productName = SportTimeTests;
			productReference = F01375C21A4CA18E00C683A8 /* SportTimeTests.xctest */;
			productType = "com.apple.product-type.bundle.unit-test";
		};
/* End PBXNativeTarget section */

/* Begin PBXProject section */
		F01375A51A4CA18E00C683A8 /* Project object */ = {
			isa = PBXProject;
			attributes = {
				LastUpgradeCheck = 0610;
				ORGANIZATIONNAME = visput;
				TargetAttributes = {
					F01375AC1A4CA18E00C683A8 = {
						CreatedOnToolsVersion = 6.1.1;
					};
					F01375C11A4CA18E00C683A8 = {
						CreatedOnToolsVersion = 6.1.1;
						TestTargetID = F01375AC1A4CA18E00C683A8;
					};
				};
			};
			buildConfigurationList = F01375A81A4CA18E00C683A8 /* Build configuration list for PBXProject "SportTime" */;
			compatibilityVersion = "Xcode 3.2";
			developmentRegion = English;
			hasScannedForEncodings = 0;
			knownRegions = (
				en,
				Base,
			);
			mainGroup = F01375A41A4CA18E00C683A8;
			productRefGroup = F01375AE1A4CA18E00C683A8 /* Products */;
			projectDirPath = "";
			projectRoot = "";
			targets = (
				F01375AC1A4CA18E00C683A8 /* SportTime */,
				F01375C11A4CA18E00C683A8 /* SportTimeTests */,
			);
		};
/* End PBXProject section */

/* Begin PBXResourcesBuildPhase section */
		F01375AB1A4CA18E00C683A8 /* Resources */ = {
			isa = PBXResourcesBuildPhase;
			buildActionMask = 2147483647;
			files = (
				F01375E61A4CA3A500C683A8 /* LaunchScreen.xib in Resources */,
				F01375E01A4CA3A500C683A8 /* Images.xcassets in Resources */,
				F01375E81A4CA3A500C683A8 /* Main.storyboard in Resources */,
			);
			runOnlyForDeploymentPostprocessing = 0;
		};
		F01375C01A4CA18E00C683A8 /* Resources */ = {
			isa = PBXResourcesBuildPhase;
			buildActionMask = 2147483647;
			files = (
				F01375E71A4CA3A500C683A8 /* LaunchScreen.xib in Resources */,
				F01375E11A4CA3A500C683A8 /* Images.xcassets in Resources */,
				F01375E91A4CA3A500C683A8 /* Main.storyboard in Resources */,
			);
			runOnlyForDeploymentPostprocessing = 0;
		};
/* End PBXResourcesBuildPhase section */

/* Begin PBXSourcesBuildPhase section */
		F01375A91A4CA18E00C683A8 /* Sources */ = {
			isa = PBXSourcesBuildPhase;
			buildActionMask = 2147483647;
			files = (
				F01375FF1A50F2C600C683A8 /* WorkoutsScreen.swift in Sources */,
				F01375F61A50F25D00C683A8 /* BaseScreen.swift in Sources */,
				F01375F91A50F2A300C683A8 /* NewStepScreen.swift in Sources */,
				F01375FC1A50F2B600C683A8 /* WorkoutDetailsScreen.swift in Sources */,
				F01375E41A4CA3A500C683A8 /* AppDelegate.swift in Sources */,
			);
			runOnlyForDeploymentPostprocessing = 0;
		};
		F01375BE1A4CA18E00C683A8 /* Sources */ = {
			isa = PBXSourcesBuildPhase;
			buildActionMask = 2147483647;
			files = (
				F01375FA1A50F2A300C683A8 /* NewStepScreen.swift in Sources */,
				F01376001A50F2C600C683A8 /* WorkoutsScreen.swift in Sources */,
				F01375FD1A50F2B600C683A8 /* WorkoutDetailsScreen.swift in Sources */,
				F01375E51A4CA3A500C683A8 /* AppDelegate.swift in Sources */,
				F01375EF1A4CA3A500C683A8 /* SportTimeTests.swift in Sources */,
				F01375F71A50F25D00C683A8 /* BaseScreen.swift in Sources */,
			);
			runOnlyForDeploymentPostprocessing = 0;
		};
/* End PBXSourcesBuildPhase section */

/* Begin PBXTargetDependency section */
		F01375C41A4CA18E00C683A8 /* PBXTargetDependency */ = {
			isa = PBXTargetDependency;
			target = F01375AC1A4CA18E00C683A8 /* SportTime */;
			targetProxy = F01375C31A4CA18E00C683A8 /* PBXContainerItemProxy */;
		};
/* End PBXTargetDependency section */

/* Begin XCBuildConfiguration section */
		F01375CA1A4CA18E00C683A8 /* Debug */ = {
			isa = XCBuildConfiguration;
			buildSettings = {
				ALWAYS_SEARCH_USER_PATHS = NO;
				CLANG_CXX_LANGUAGE_STANDARD = "gnu++0x";
				CLANG_CXX_LIBRARY = "libc++";
				CLANG_ENABLE_MODULES = YES;
				CLANG_ENABLE_OBJC_ARC = YES;
				CLANG_WARN_BOOL_CONVERSION = YES;
				CLANG_WARN_CONSTANT_CONVERSION = YES;
				CLANG_WARN_DIRECT_OBJC_ISA_USAGE = YES_ERROR;
				CLANG_WARN_EMPTY_BODY = YES;
				CLANG_WARN_ENUM_CONVERSION = YES;
				CLANG_WARN_INT_CONVERSION = YES;
				CLANG_WARN_OBJC_ROOT_CLASS = YES_ERROR;
				CLANG_WARN_UNREACHABLE_CODE = YES;
				CLANG_WARN__DUPLICATE_METHOD_MATCH = YES;
				"CODE_SIGN_IDENTITY[sdk=iphoneos*]" = "iPhone Developer";
				COPY_PHASE_STRIP = NO;
				ENABLE_STRICT_OBJC_MSGSEND = YES;
				GCC_C_LANGUAGE_STANDARD = gnu99;
				GCC_DYNAMIC_NO_PIC = NO;
				GCC_OPTIMIZATION_LEVEL = 0;
				GCC_PREPROCESSOR_DEFINITIONS = (
					"DEBUG=1",
					"$(inherited)",
				);
				GCC_SYMBOLS_PRIVATE_EXTERN = NO;
				GCC_WARN_64_TO_32_BIT_CONVERSION = YES;
				GCC_WARN_ABOUT_RETURN_TYPE = YES_ERROR;
				GCC_WARN_UNDECLARED_SELECTOR = YES;
				GCC_WARN_UNINITIALIZED_AUTOS = YES_AGGRESSIVE;
				GCC_WARN_UNUSED_FUNCTION = YES;
				GCC_WARN_UNUSED_VARIABLE = YES;
				IPHONEOS_DEPLOYMENT_TARGET = 8.0;
				MTL_ENABLE_DEBUG_INFO = YES;
				ONLY_ACTIVE_ARCH = YES;
				SDKROOT = iphoneos;
				SWIFT_OPTIMIZATION_LEVEL = "-Onone";
			};
			name = Debug;
		};
		F01375CB1A4CA18E00C683A8 /* Release */ = {
			isa = XCBuildConfiguration;
			buildSettings = {
				ALWAYS_SEARCH_USER_PATHS = NO;
				CLANG_CXX_LANGUAGE_STANDARD = "gnu++0x";
				CLANG_CXX_LIBRARY = "libc++";
				CLANG_ENABLE_MODULES = YES;
				CLANG_ENABLE_OBJC_ARC = YES;
				CLANG_WARN_BOOL_CONVERSION = YES;
				CLANG_WARN_CONSTANT_CONVERSION = YES;
				CLANG_WARN_DIRECT_OBJC_ISA_USAGE = YES_ERROR;
				CLANG_WARN_EMPTY_BODY = YES;
				CLANG_WARN_ENUM_CONVERSION = YES;
				CLANG_WARN_INT_CONVERSION = YES;
				CLANG_WARN_OBJC_ROOT_CLASS = YES_ERROR;
				CLANG_WARN_UNREACHABLE_CODE = YES;
				CLANG_WARN__DUPLICATE_METHOD_MATCH = YES;
				"CODE_SIGN_IDENTITY[sdk=iphoneos*]" = "iPhone Developer";
				COPY_PHASE_STRIP = YES;
				ENABLE_NS_ASSERTIONS = NO;
				ENABLE_STRICT_OBJC_MSGSEND = YES;
				GCC_C_LANGUAGE_STANDARD = gnu99;
				GCC_WARN_64_TO_32_BIT_CONVERSION = YES;
				GCC_WARN_ABOUT_RETURN_TYPE = YES_ERROR;
				GCC_WARN_UNDECLARED_SELECTOR = YES;
				GCC_WARN_UNINITIALIZED_AUTOS = YES_AGGRESSIVE;
				GCC_WARN_UNUSED_FUNCTION = YES;
				GCC_WARN_UNUSED_VARIABLE = YES;
				IPHONEOS_DEPLOYMENT_TARGET = 8.0;
				MTL_ENABLE_DEBUG_INFO = NO;
				SDKROOT = iphoneos;
				VALIDATE_PRODUCT = YES;
			};
			name = Release;
		};
		F01375CD1A4CA18E00C683A8 /* Debug */ = {
			isa = XCBuildConfiguration;
			buildSettings = {
				ASSETCATALOG_COMPILER_APPICON_NAME = AppIcon;
				INFOPLIST_FILE = res/Info.plist;
				LD_RUNPATH_SEARCH_PATHS = "$(inherited) @executable_path/Frameworks";
				PRODUCT_NAME = "$(TARGET_NAME)";
			};
			name = Debug;
		};
		F01375CE1A4CA18E00C683A8 /* Release */ = {
			isa = XCBuildConfiguration;
			buildSettings = {
				ASSETCATALOG_COMPILER_APPICON_NAME = AppIcon;
				INFOPLIST_FILE = res/Info.plist;
				LD_RUNPATH_SEARCH_PATHS = "$(inherited) @executable_path/Frameworks";
				PRODUCT_NAME = "$(TARGET_NAME)";
			};
			name = Release;
		};
		F01375D01A4CA18E00C683A8 /* Debug */ = {
			isa = XCBuildConfiguration;
			buildSettings = {
				BUNDLE_LOADER = "$(TEST_HOST)";
				FRAMEWORK_SEARCH_PATHS = (
					"$(SDKROOT)/Developer/Library/Frameworks",
					"$(inherited)",
				);
				GCC_PREPROCESSOR_DEFINITIONS = (
					"DEBUG=1",
					"$(inherited)",
				);
				INFOPLIST_FILE = test/Info.plist;
				LD_RUNPATH_SEARCH_PATHS = "$(inherited) @executable_path/Frameworks @loader_path/Frameworks";
				PRODUCT_NAME = "$(TARGET_NAME)";
				TEST_HOST = "$(BUILT_PRODUCTS_DIR)/SportTime.app/SportTime";
			};
			name = Debug;
		};
		F01375D11A4CA18E00C683A8 /* Release */ = {
			isa = XCBuildConfiguration;
			buildSettings = {
				BUNDLE_LOADER = "$(TEST_HOST)";
				FRAMEWORK_SEARCH_PATHS = (
					"$(SDKROOT)/Developer/Library/Frameworks",
					"$(inherited)",
				);
				INFOPLIST_FILE = test/Info.plist;
				LD_RUNPATH_SEARCH_PATHS = "$(inherited) @executable_path/Frameworks @loader_path/Frameworks";
				PRODUCT_NAME = "$(TARGET_NAME)";
				TEST_HOST = "$(BUILT_PRODUCTS_DIR)/SportTime.app/SportTime";
			};
			name = Release;
		};
/* End XCBuildConfiguration section */

/* Begin XCConfigurationList section */
		F01375A81A4CA18E00C683A8 /* Build configuration list for PBXProject "SportTime" */ = {
			isa = XCConfigurationList;
			buildConfigurations = (
				F01375CA1A4CA18E00C683A8 /* Debug */,
				F01375CB1A4CA18E00C683A8 /* Release */,
			);
			defaultConfigurationIsVisible = 0;
			defaultConfigurationName = Release;
		};
		F01375CC1A4CA18E00C683A8 /* Build configuration list for PBXNativeTarget "SportTime" */ = {
			isa = XCConfigurationList;
			buildConfigurations = (
				F01375CD1A4CA18E00C683A8 /* Debug */,
				F01375CE1A4CA18E00C683A8 /* Release */,
			);
			defaultConfigurationIsVisible = 0;
			defaultConfigurationName = Release;
		};
		F01375CF1A4CA18E00C683A8 /* Build configuration list for PBXNativeTarget "SportTimeTests" */ = {
			isa = XCConfigurationList;
			buildConfigurations = (
				F01375D01A4CA18E00C683A8 /* Debug */,
				F01375D11A4CA18E00C683A8 /* Release */,
			);
			defaultConfigurationIsVisible = 0;
			defaultConfigurationName = Release;
		};
/* End XCConfigurationList section */
	};
	rootObject = F01375A51A4CA18E00C683A8 /* Project object */;
}
